
Microsoft Visual Studio Solution File, Format Version 12.00
# Visual Studio Version 16
VisualStudioVersion = 16.0.31624.102
MinimumVisualStudioVersion = 10.0.40219.1
Project("{FAE04EC0-301F-11D3-BF4B-00C04F79EFBC}") = "LoopsAndRandomNumbers", "LoopsAndRandomNumbers\LoopsAndRandomNumbers.csproj", "{3674C70E-AB35-49AD-9825-629480D5227C}"
EndProject
Project("{FAE04EC0-301F-11D3-BF4B-00C04F79EFBC}") = "PINInfiniteLoop", "PINInfiniteLoop\PINInfiniteLoop.csproj", "{05305977-43D8-430D-BC60-E50330532B1D}"
EndProject
Project("{FAE04EC0-301F-11D3-BF4B-00C04F79EFBC}") = "RandomNumber", "RandomNumber\RandomNumber.csproj", "{D3FEC1DD-EB0E-4C73-9C8C-8C2C685CA590}"
EndProject
Project("{FAE04EC0-301F-11D3-BF4B-00C04F79EFBC}") = "GuessingGameInfinite", "GuessingGameInfinite\GuessingGameInfinite.csproj", "{AA2E0EB0-3878-49CC-9A42-8F72012D36E6}"
EndProject
Project("{FAE04EC0-301F-11D3-BF4B-00C04F79EFBC}") = "GuessingGameThreeTimes", "GuessingGameThreeTimes\GuessingGameThreeTimes.csproj", "{2762C982-81D6-40DB-ADF1-E1DCA184B580}"
EndProject
Global
	GlobalSection(SolutionConfigurationPlatforms) = preSolution
		Debug|Any CPU = Debug|Any CPU
		Release|Any CPU = Release|Any CPU
	EndGlobalSection
	GlobalSection(ProjectConfigurationPlatforms) = postSolution
		{3674C70E-AB35-49AD-9825-629480D5227C}.Debug|Any CPU.ActiveCfg = Debug|Any CPU
		{3674C70E-AB35-49AD-9825-629480D5227C}.Debug|Any CPU.Build.0 = Debug|Any CPU
		{3674C70E-AB35-49AD-9825-629480D5227C}.Release|Any CPU.ActiveCfg = Release|Any CPU
		{3674C70E-AB35-49AD-9825-629480D5227C}.Release|Any CPU.Build.0 = Release|Any CPU
		{05305977-43D8-430D-BC60-E50330532B1D}.Debug|Any CPU.ActiveCfg = Debug|Any CPU
		{05305977-43D8-430D-BC60-E50330532B1D}.Debug|Any CPU.Build.0 = Debug|Any CPU
		{05305977-43D8-430D-BC60-E50330532B1D}.Release|Any CPU.ActiveCfg = Release|Any CPU
		{05305977-43D8-430D-BC60-E50330532B1D}.Release|Any CPU.Build.0 = Release|Any CPU
		{D3FEC1DD-EB0E-4C73-9C8C-8C2C685CA590}.Debug|Any CPU.ActiveCfg = Debug|Any CPU
		{D3FEC1DD-EB0E-4C73-9C8C-8C2C685CA590}.Debug|Any CPU.Build.0 = Debug|Any CPU
		{D3FEC1DD-EB0E-4C73-9C8C-8C2C685CA590}.Release|Any CPU.ActiveCfg = Release|Any CPU
		{D3FEC1DD-EB0E-4C73-9C8C-8C2C685CA590}.Release|Any CPU.Build.0 = Release|Any CPU
		{AA2E0EB0-3878-49CC-9A42-8F72012D36E6}.Debug|Any CPU.ActiveCfg = Debug|Any CPU
		{AA2E0EB0-3878-49CC-9A42-8F72012D36E6}.Debug|Any CPU.Build.0 = Debug|Any CPU
		{AA2E0EB0-3878-49CC-9A42-8F72012D36E6}.Release|Any CPU.ActiveCfg = Release|Any CPU
		{AA2E0EB0-3878-49CC-9A42-8F72012D36E6}.Release|Any CPU.Build.0 = Release|Any CPU
		{2762C982-81D6-40DB-ADF1-E1DCA184B580}.Debug|Any CPU.ActiveCfg = Debug|Any CPU
		{2762C982-81D6-40DB-ADF1-E1DCA184B580}.Debug|Any CPU.Build.0 = Debug|Any CPU
		{2762C982-81D6-40DB-ADF1-E1DCA184B580}.Release|Any CPU.ActiveCfg = Release|Any CPU
		{2762C982-81D6-40DB-ADF1-E1DCA184B580}.Release|Any CPU.Build.0 = Release|Any CPU
	EndGlobalSection
	GlobalSection(SolutionProperties) = preSolution
		HideSolutionNode = FALSE
	EndGlobalSection
	GlobalSection(ExtensibilityGlobals) = postSolution
		SolutionGuid = {033D4465-EE7F-4BE8-917F-AD540D878777}
	EndGlobalSection
EndGlobal
